
Microsoft Visual Studio Solution File, Format Version 12.00
Project("{FAE04EC0-301F-11D3-BF4B-00C04F79EFBC}") = "Producer", "Producer\Producer.csproj", "{C9166649-E2FA-46C3-8BD3-30C1551592CB}"
EndProject
Global
	GlobalSection(SolutionConfigurationPlatforms) = preSolution
		Debug|Any CPU = Debug|Any CPU
		Release|Any CPU = Release|Any CPU
	EndGlobalSection
	GlobalSection(ProjectConfigurationPlatforms) = postSolution
		{C9166649-E2FA-46C3-8BD3-30C1551592CB}.Debug|Any CPU.ActiveCfg = Debug|Any CPU
		{C9166649-E2FA-46C3-8BD3-30C1551592CB}.Debug|Any CPU.Build.0 = Debug|Any CPU
		{C9166649-E2FA-46C3-8BD3-30C1551592CB}.Release|Any CPU.ActiveCfg = Release|Any CPU
		{C9166649-E2FA-46C3-8BD3-30C1551592CB}.Release|Any CPU.Build.0 = Release|Any CPU
	EndGlobalSection
EndGlobal
